
Microsoft Visual Studio Solution File, Format Version 12.00
Project("{FAE04EC0-301F-11D3-BF4B-00C04F79EFBC}") = "HelloWorld", "HelloWorld\HelloWorld.csproj", "{4F377FF6-EB40-429B-8E0B-574DFC061086}"
EndProject
Project("{FAE04EC0-301F-11D3-BF4B-00C04F79EFBC}") = "ExtremelyBasic", "ExtremelyBasic\ExtremelyBasic.csproj", "{3A1E5C78-700C-495A-B4B2-547AC6E93784}"
EndProject
Project("{FAE04EC0-301F-11D3-BF4B-00C04F79EFBC}") = "HelloWorld.Tests", "HelloWorld.Tests\HelloWorld.Tests.csproj", "{5DAC7E4F-4736-4CB5-839A-E8183AFAAE9A}"
EndProject
Project("{2150E333-8FDC-42A3-9474-1A3956D46DE8}") = "1000", "1000", "{86294EA1-8BA6-4E31-A51A-AAAC3EA4FCAB}"
EndProject
Project("{2150E333-8FDC-42A3-9474-1A3956D46DE8}") = "1001", "1001", "{2B72653A-867F-4D28-9272-B2BA9F935A8F}"
EndProject
Project("{FAE04EC0-301F-11D3-BF4B-00C04F79EFBC}") = "ExtremelyBasic.Tests", "ExtremelyBasic.Tests\ExtremelyBasic.Tests.csproj", "{7E4E9D0E-2E99-40EF-A84D-FF226B85F4DC}"
EndProject
Project("{2150E333-8FDC-42A3-9474-1A3956D46DE8}") = "2006", "2006", "{15AB50C4-0AF4-4853-95B1-350E00115356}"
EndProject
Project("{FAE04EC0-301F-11D3-BF4B-00C04F79EFBC}") = "IdentificandoCha", "IdentificandoCha\IdentificandoCha.csproj", "{E99AE99E-D155-45BC-B833-2D9A5BAA722C}"
EndProject
Project("{FAE04EC0-301F-11D3-BF4B-00C04F79EFBC}") = "IdentificandoCha.Test", "IdentificandoCha.Test\IdentificandoCha.Test.csproj", "{EC51001B-CE73-4992-B058-50E8E96F7276}"
EndProject
Project("{2150E333-8FDC-42A3-9474-1A3956D46DE8}") = "1129", "1129", "{0E41C1E9-CB11-4483-A5C6-250BC0916828}"
EndProject
Global
	GlobalSection(SolutionConfigurationPlatforms) = preSolution
		Debug|Any CPU = Debug|Any CPU
		Release|Any CPU = Release|Any CPU
	EndGlobalSection
	GlobalSection(ProjectConfigurationPlatforms) = postSolution
		{4F377FF6-EB40-429B-8E0B-574DFC061086}.Debug|Any CPU.ActiveCfg = Debug|Any CPU
		{4F377FF6-EB40-429B-8E0B-574DFC061086}.Debug|Any CPU.Build.0 = Debug|Any CPU
		{4F377FF6-EB40-429B-8E0B-574DFC061086}.Release|Any CPU.ActiveCfg = Release|Any CPU
		{4F377FF6-EB40-429B-8E0B-574DFC061086}.Release|Any CPU.Build.0 = Release|Any CPU
		{3A1E5C78-700C-495A-B4B2-547AC6E93784}.Debug|Any CPU.ActiveCfg = Debug|Any CPU
		{3A1E5C78-700C-495A-B4B2-547AC6E93784}.Debug|Any CPU.Build.0 = Debug|Any CPU
		{3A1E5C78-700C-495A-B4B2-547AC6E93784}.Release|Any CPU.ActiveCfg = Release|Any CPU
		{3A1E5C78-700C-495A-B4B2-547AC6E93784}.Release|Any CPU.Build.0 = Release|Any CPU
		{5DAC7E4F-4736-4CB5-839A-E8183AFAAE9A}.Debug|Any CPU.ActiveCfg = Debug|Any CPU
		{5DAC7E4F-4736-4CB5-839A-E8183AFAAE9A}.Debug|Any CPU.Build.0 = Debug|Any CPU
		{5DAC7E4F-4736-4CB5-839A-E8183AFAAE9A}.Release|Any CPU.ActiveCfg = Release|Any CPU
		{5DAC7E4F-4736-4CB5-839A-E8183AFAAE9A}.Release|Any CPU.Build.0 = Release|Any CPU
		{7E4E9D0E-2E99-40EF-A84D-FF226B85F4DC}.Debug|Any CPU.ActiveCfg = Debug|Any CPU
		{7E4E9D0E-2E99-40EF-A84D-FF226B85F4DC}.Debug|Any CPU.Build.0 = Debug|Any CPU
		{7E4E9D0E-2E99-40EF-A84D-FF226B85F4DC}.Release|Any CPU.ActiveCfg = Release|Any CPU
		{7E4E9D0E-2E99-40EF-A84D-FF226B85F4DC}.Release|Any CPU.Build.0 = Release|Any CPU
		{E99AE99E-D155-45BC-B833-2D9A5BAA722C}.Debug|Any CPU.ActiveCfg = Debug|Any CPU
		{E99AE99E-D155-45BC-B833-2D9A5BAA722C}.Debug|Any CPU.Build.0 = Debug|Any CPU
		{E99AE99E-D155-45BC-B833-2D9A5BAA722C}.Release|Any CPU.ActiveCfg = Release|Any CPU
		{E99AE99E-D155-45BC-B833-2D9A5BAA722C}.Release|Any CPU.Build.0 = Release|Any CPU
		{EC51001B-CE73-4992-B058-50E8E96F7276}.Debug|Any CPU.ActiveCfg = Debug|Any CPU
		{EC51001B-CE73-4992-B058-50E8E96F7276}.Debug|Any CPU.Build.0 = Debug|Any CPU
		{EC51001B-CE73-4992-B058-50E8E96F7276}.Release|Any CPU.ActiveCfg = Release|Any CPU
		{EC51001B-CE73-4992-B058-50E8E96F7276}.Release|Any CPU.Build.0 = Release|Any CPU
	EndGlobalSection
	GlobalSection(NestedProjects) = preSolution
		{4F377FF6-EB40-429B-8E0B-574DFC061086} = {86294EA1-8BA6-4E31-A51A-AAAC3EA4FCAB}
		{5DAC7E4F-4736-4CB5-839A-E8183AFAAE9A} = {86294EA1-8BA6-4E31-A51A-AAAC3EA4FCAB}
		{3A1E5C78-700C-495A-B4B2-547AC6E93784} = {2B72653A-867F-4D28-9272-B2BA9F935A8F}
		{7E4E9D0E-2E99-40EF-A84D-FF226B85F4DC} = {2B72653A-867F-4D28-9272-B2BA9F935A8F}
		{E99AE99E-D155-45BC-B833-2D9A5BAA722C} = {15AB50C4-0AF4-4853-95B1-350E00115356}
		{EC51001B-CE73-4992-B058-50E8E96F7276} = {15AB50C4-0AF4-4853-95B1-350E00115356}
	EndGlobalSection
EndGlobal
